Microsoft Visual Studio Solution File, Format Version 11.00
# Visual Studio 2010
Project("{FAE04EC0-301F-11D3-BF4B-00C04F79EFBC}") = "Assembly-CSharp", "Assembly-CSharp.csproj", "{695D8A6A-104C-C1DA-D0CC-1C9153D9CC59}"
EndProject
Global
	GlobalSection(SolutionConfigurationPlatforms) = preSolution
		Debug|Any CPU = Debug|Any CPU
		Release|Any CPU = Release|Any CPU
	EndGlobalSection
	GlobalSection(ProjectConfigurationPlatforms) = postSolution
		{695D8A6A-104C-C1DA-D0CC-1C9153D9CC59}.Debug|Any CPU.ActiveCfg = Debug|Any CPU
		{695D8A6A-104C-C1DA-D0CC-1C9153D9CC59}.Debug|Any CPU.Build.0 = Debug|Any CPU
		{695D8A6A-104C-C1DA-D0CC-1C9153D9CC59}.Release|Any CPU.ActiveCfg = Release|Any CPU
		{695D8A6A-104C-C1DA-D0CC-1C9153D9CC59}.Release|Any CPU.Build.0 = Release|Any CPU
	EndGlobalSection
	GlobalSection(SolutionProperties) = preSolution
		HideSolutionNode = FALSE
	EndGlobalSection
	GlobalSection(MonoDevelopProperties) = preSolution
		StartupItem = Assembly-CSharp.csproj
	EndGlobalSection
EndGlobal
